
Microsoft Visual Studio Solution File, Format Version 12.00
# Visual Studio Version 17
VisualStudioVersion = 17.1.32319.34
MinimumVisualStudioVersion = 10.0.40219.1
Project("{9A19103F-16F7-4668-BE54-9A1E7A4F7556}") = "DesafioStone", "DesafioStone\DesafioStone.csproj", "{3BE0D34B-B869-4FDB-99CC-24E034FAC073}"
EndProject
Project("{9A19103F-16F7-4668-BE54-9A1E7A4F7556}") = "DesafioStone.UnitTests", "DesafioStone.UnitTests\DesafioStone.UnitTests.csproj", "{42FA91E1-F88C-47B9-853B-311E14CDF8DC}"
EndProject
Global
	GlobalSection(SolutionConfigurationPlatforms) = preSolution
		Debug|Any CPU = Debug|Any CPU
		Release|Any CPU = Release|Any CPU
	EndGlobalSection
	GlobalSection(ProjectConfigurationPlatforms) = postSolution
		{3BE0D34B-B869-4FDB-99CC-24E034FAC073}.Debug|Any CPU.ActiveCfg = Debug|Any CPU
		{3BE0D34B-B869-4FDB-99CC-24E034FAC073}.Debug|Any CPU.Build.0 = Debug|Any CPU
		{3BE0D34B-B869-4FDB-99CC-24E034FAC073}.Release|Any CPU.ActiveCfg = Release|Any CPU
		{3BE0D34B-B869-4FDB-99CC-24E034FAC073}.Release|Any CPU.Build.0 = Release|Any CPU
		{42FA91E1-F88C-47B9-853B-311E14CDF8DC}.Debug|Any CPU.ActiveCfg = Debug|Any CPU
		{42FA91E1-F88C-47B9-853B-311E14CDF8DC}.Debug|Any CPU.Build.0 = Debug|Any CPU
		{42FA91E1-F88C-47B9-853B-311E14CDF8DC}.Release|Any CPU.ActiveCfg = Release|Any CPU
		{42FA91E1-F88C-47B9-853B-311E14CDF8DC}.Release|Any CPU.Build.0 = Release|Any CPU
	EndGlobalSection
	GlobalSection(SolutionProperties) = preSolution
		HideSolutionNode = FALSE
	EndGlobalSection
	GlobalSection(ExtensibilityGlobals) = postSolution
		SolutionGuid = {99EB3EFB-784B-4E48-B2AB-530A076F7B98}
	EndGlobalSection
EndGlobal
